
Microsoft Visual Studio Solution File, Format Version 12.00
# Visual Studio Version 17
VisualStudioVersion = 17.5.002.0
MinimumVisualStudioVersion = 10.0.40219.1
Project("{9A19103F-16F7-4668-BE54-9A1E7A4F7556}") = "Exam_Unit_4", "Exam_Unit_4.csproj", "{8128FB58-EC28-4AC5-9B61-F74A8413EB57}"
EndProject
Global
	GlobalSection(SolutionConfigurationPlatforms) = preSolution
		Debug|Any CPU = Debug|Any CPU
		Release|Any CPU = Release|Any CPU
	EndGlobalSection
	GlobalSection(ProjectConfigurationPlatforms) = postSolution
		{8128FB58-EC28-4AC5-9B61-F74A8413EB57}.Debug|Any CPU.ActiveCfg = Debug|Any CPU
		{8128FB58-EC28-4AC5-9B61-F74A8413EB57}.Debug|Any CPU.Build.0 = Debug|Any CPU
		{8128FB58-EC28-4AC5-9B61-F74A8413EB57}.Release|Any CPU.ActiveCfg = Release|Any CPU
		{8128FB58-EC28-4AC5-9B61-F74A8413EB57}.Release|Any CPU.Build.0 = Release|Any CPU
	EndGlobalSection
	GlobalSection(SolutionProperties) = preSolution
		HideSolutionNode = FALSE
	EndGlobalSection
	GlobalSection(ExtensibilityGlobals) = postSolution
		SolutionGuid = {1DE39BB4-3DBD-4D98-98FF-9E6EA95BEBD3}
	EndGlobalSection
EndGlobal
